
Microsoft Visual Studio Solution File, Format Version 12.00
# Visual Studio Version 17
VisualStudioVersion = 17.5.33530.505
MinimumVisualStudioVersion = 10.0.40219.1
Project("{9A19103F-16F7-4668-BE54-9A1E7A4F7556}") = "Entidades", "Entidades\Entidades.csproj", "{08B9CB66-2C68-4C24-85F1-F2335F15A95E}"
EndProject
Project("{9A19103F-16F7-4668-BE54-9A1E7A4F7556}") = "Test", "Test\Test.csproj", "{6256B7C8-E41E-408F-B857-F0DB5A656809}"
EndProject
Project("{9A19103F-16F7-4668-BE54-9A1E7A4F7556}") = "TestConsole", "TestConsole\TestConsole.csproj", "{75B9F942-516B-4A1C-87F4-FB9038F4B308}"
EndProject
Project("{FAE04EC0-301F-11D3-BF4B-00C04F79EFBC}") = "WinFormsApp1", "WinFormsApp1\WinFormsApp1.csproj", "{F8A84EC1-4C75-4D69-B617-E8EA110358FD}"
EndProject
Global
	GlobalSection(SolutionConfigurationPlatforms) = preSolution
		Debug|Any CPU = Debug|Any CPU
		Release|Any CPU = Release|Any CPU
	EndGlobalSection
	GlobalSection(ProjectConfigurationPlatforms) = postSolution
		{08B9CB66-2C68-4C24-85F1-F2335F15A95E}.Debug|Any CPU.ActiveCfg = Debug|Any CPU
		{08B9CB66-2C68-4C24-85F1-F2335F15A95E}.Debug|Any CPU.Build.0 = Debug|Any CPU
		{08B9CB66-2C68-4C24-85F1-F2335F15A95E}.Release|Any CPU.ActiveCfg = Release|Any CPU
		{08B9CB66-2C68-4C24-85F1-F2335F15A95E}.Release|Any CPU.Build.0 = Release|Any CPU
		{6256B7C8-E41E-408F-B857-F0DB5A656809}.Debug|Any CPU.ActiveCfg = Debug|Any CPU
		{6256B7C8-E41E-408F-B857-F0DB5A656809}.Debug|Any CPU.Build.0 = Debug|Any CPU
		{6256B7C8-E41E-408F-B857-F0DB5A656809}.Release|Any CPU.ActiveCfg = Release|Any CPU
		{6256B7C8-E41E-408F-B857-F0DB5A656809}.Release|Any CPU.Build.0 = Release|Any CPU
		{75B9F942-516B-4A1C-87F4-FB9038F4B308}.Debug|Any CPU.ActiveCfg = Debug|Any CPU
		{75B9F942-516B-4A1C-87F4-FB9038F4B308}.Debug|Any CPU.Build.0 = Debug|Any CPU
		{75B9F942-516B-4A1C-87F4-FB9038F4B308}.Release|Any CPU.ActiveCfg = Release|Any CPU
		{75B9F942-516B-4A1C-87F4-FB9038F4B308}.Release|Any CPU.Build.0 = Release|Any CPU
		{F8A84EC1-4C75-4D69-B617-E8EA110358FD}.Debug|Any CPU.ActiveCfg = Debug|Any CPU
		{F8A84EC1-4C75-4D69-B617-E8EA110358FD}.Debug|Any CPU.Build.0 = Debug|Any CPU
		{F8A84EC1-4C75-4D69-B617-E8EA110358FD}.Release|Any CPU.ActiveCfg = Release|Any CPU
		{F8A84EC1-4C75-4D69-B617-E8EA110358FD}.Release|Any CPU.Build.0 = Release|Any CPU
	EndGlobalSection
	GlobalSection(SolutionProperties) = preSolution
		HideSolutionNode = FALSE
	EndGlobalSection
	GlobalSection(ExtensibilityGlobals) = postSolution
		SolutionGuid = {6A03208A-467F-48A3-8C94-AE1B47E01DF0}
	EndGlobalSection
EndGlobal
