
Microsoft Visual Studio Solution File, Format Version 12.00
# Visual Studio Version 17
VisualStudioVersion = 17.5.33530.505
MinimumVisualStudioVersion = 10.0.40219.1
Project("{9A19103F-16F7-4668-BE54-9A1E7A4F7556}") = "Prueba_Consola", "Prueba_Consola\Prueba_Consola.csproj", "{9241A3DE-F530-4C27-93AC-52D74867D31A}"
EndProject
Project("{FAE04EC0-301F-11D3-BF4B-00C04F79EFBC}") = "Entidades", "Entidades\Entidades.csproj", "{08B9CB66-2C68-4C24-85F1-F2335F15A95E}"
EndProject
Global
	GlobalSection(SolutionConfigurationPlatforms) = preSolution
		Debug|Any CPU = Debug|Any CPU
		Release|Any CPU = Release|Any CPU
	EndGlobalSection
	GlobalSection(ProjectConfigurationPlatforms) = postSolution
		{9241A3DE-F530-4C27-93AC-52D74867D31A}.Debug|Any CPU.ActiveCfg = Debug|Any CPU
		{9241A3DE-F530-4C27-93AC-52D74867D31A}.Debug|Any CPU.Build.0 = Debug|Any CPU
		{9241A3DE-F530-4C27-93AC-52D74867D31A}.Release|Any CPU.ActiveCfg = Release|Any CPU
		{9241A3DE-F530-4C27-93AC-52D74867D31A}.Release|Any CPU.Build.0 = Release|Any CPU
		{08B9CB66-2C68-4C24-85F1-F2335F15A95E}.Debug|Any CPU.ActiveCfg = Debug|Any CPU
		{08B9CB66-2C68-4C24-85F1-F2335F15A95E}.Debug|Any CPU.Build.0 = Debug|Any CPU
		{08B9CB66-2C68-4C24-85F1-F2335F15A95E}.Release|Any CPU.ActiveCfg = Release|Any CPU
		{08B9CB66-2C68-4C24-85F1-F2335F15A95E}.Release|Any CPU.Build.0 = Release|Any CPU
	EndGlobalSection
	GlobalSection(SolutionProperties) = preSolution
		HideSolutionNode = FALSE
	EndGlobalSection
	GlobalSection(ExtensibilityGlobals) = postSolution
		SolutionGuid = {6A03208A-467F-48A3-8C94-AE1B47E01DF0}
	EndGlobalSection
EndGlobal
